
Microsoft Visual Studio Solution File, Format Version 12.00
# Visual Studio Version 17
VisualStudioVersion = 17.6.33829.357
MinimumVisualStudioVersion = 10.0.40219.1
Project("{FAE04EC0-301F-11D3-BF4B-00C04F79EFBC}") = "Ejercicio1 JBHZ", "Ejercicio1 JBHZ\Ejercicio1 JBHZ.csproj", "{94B2019D-DDD4-4353-81C1-BEE4B636802B}"
EndProject
Global
	GlobalSection(SolutionConfigurationPlatforms) = preSolution
		Debug|Any CPU = Debug|Any CPU
		Release|Any CPU = Release|Any CPU
	EndGlobalSection
	GlobalSection(ProjectConfigurationPlatforms) = postSolution
		{94B2019D-DDD4-4353-81C1-BEE4B636802B}.Debug|Any CPU.ActiveCfg = Debug|Any CPU
		{94B2019D-DDD4-4353-81C1-BEE4B636802B}.Debug|Any CPU.Build.0 = Debug|Any CPU
		{94B2019D-DDD4-4353-81C1-BEE4B636802B}.Release|Any CPU.ActiveCfg = Release|Any CPU
		{94B2019D-DDD4-4353-81C1-BEE4B636802B}.Release|Any CPU.Build.0 = Release|Any CPU
	EndGlobalSection
	GlobalSection(SolutionProperties) = preSolution
		HideSolutionNode = FALSE
	EndGlobalSection
	GlobalSection(ExtensibilityGlobals) = postSolution
		SolutionGuid = {34DAD56D-8980-4BAA-868B-516B6E84DEF4}
	EndGlobalSection
EndGlobal
